# THIS IS AN AUTOGENERATED FILE. DO NOT EDIT THIS FILE DIRECTLY.
# yarn lockfile v1


"@types/node@^7.0.29":
  version "7.0.29"
  resolved "https://registry.yarnpkg.com/@types/node/-/node-7.0.29.tgz#ccfcec5b7135c7caf6c4ffb8c7f33102340d99df"

base64-js@^1.0.2:
  version "1.2.0"
  resolved "https://registry.yarnpkg.com/base64-js/-/base64-js-1.2.0.tgz#a39992d723584811982be5e290bb6a53d86700f1"

buffer@^5.0.6:
  version "5.0.6"
  resolved "https://registry.yarnpkg.com/buffer/-/buffer-5.0.6.tgz#2ea669f7eec0b6eda05b08f8b5ff661b28573588"
  dependencies:
    base64-js "^1.0.2"
    ieee754 "^1.1.4"

ieee754@^1.1.4:
  version "1.1.8"
  resolved "https://registry.yarnpkg.com/ieee754/-/ieee754-1.1.8.tgz#be33d40ac10ef1926701f6f08a2d86fbfd1ad3e4"

zlib@^1.0.5:
  version "1.0.5"
  resolved "https://registry.yarnpkg.com/zlib/-/zlib-1.0.5.tgz#6e7c972fc371c645a6afb03ab14769def114fcc0"
